
Microsoft Visual Studio Solution File, Format Version 12.00
# Visual Studio Version 17
VisualStudioVersion = 17.5.33530.505
MinimumVisualStudioVersion = 10.0.40219.1
Project("{9A19103F-16F7-4668-BE54-9A1E7A4F7556}") = "QLNV.Data", "QLNV.Data\QLNV.Data.csproj", "{7F6F9240-991B-4A68-A943-F4DA37332BF0}"
EndProject
Project("{9A19103F-16F7-4668-BE54-9A1E7A4F7556}") = "QLNV.API", "QLNV.API\QLNV.API.csproj", "{BC1F6596-5252-4D09-A706-676A5B108D2B}"
EndProject
Project("{FAE04EC0-301F-11D3-BF4B-00C04F79EFBC}") = "QLNV", "QLNV\QLNV.csproj", "{11308104-8A37-4FC0-99D8-1CEC7F13BD24}"
EndProject
Global
	GlobalSection(SolutionConfigurationPlatforms) = preSolution
		Debug|Any CPU = Debug|Any CPU
		Release|Any CPU = Release|Any CPU
	EndGlobalSection
	GlobalSection(ProjectConfigurationPlatforms) = postSolution
		{7F6F9240-991B-4A68-A943-F4DA37332BF0}.Debug|Any CPU.ActiveCfg = Debug|Any CPU
		{7F6F9240-991B-4A68-A943-F4DA37332BF0}.Debug|Any CPU.Build.0 = Debug|Any CPU
		{7F6F9240-991B-4A68-A943-F4DA37332BF0}.Release|Any CPU.ActiveCfg = Release|Any CPU
		{7F6F9240-991B-4A68-A943-F4DA37332BF0}.Release|Any CPU.Build.0 = Release|Any CPU
		{BC1F6596-5252-4D09-A706-676A5B108D2B}.Debug|Any CPU.ActiveCfg = Debug|Any CPU
		{BC1F6596-5252-4D09-A706-676A5B108D2B}.Debug|Any CPU.Build.0 = Debug|Any CPU
		{BC1F6596-5252-4D09-A706-676A5B108D2B}.Release|Any CPU.ActiveCfg = Release|Any CPU
		{BC1F6596-5252-4D09-A706-676A5B108D2B}.Release|Any CPU.Build.0 = Release|Any CPU
		{11308104-8A37-4FC0-99D8-1CEC7F13BD24}.Debug|Any CPU.ActiveCfg = Debug|Any CPU
		{11308104-8A37-4FC0-99D8-1CEC7F13BD24}.Debug|Any CPU.Build.0 = Debug|Any CPU
		{11308104-8A37-4FC0-99D8-1CEC7F13BD24}.Release|Any CPU.ActiveCfg = Release|Any CPU
		{11308104-8A37-4FC0-99D8-1CEC7F13BD24}.Release|Any CPU.Build.0 = Release|Any CPU
	EndGlobalSection
	GlobalSection(SolutionProperties) = preSolution
		HideSolutionNode = FALSE
	EndGlobalSection
	GlobalSection(ExtensibilityGlobals) = postSolution
		SolutionGuid = {C660FBA2-10E5-46FF-9DB6-B01FBD0B1066}
	EndGlobalSection
EndGlobal
